
Microsoft Visual Studio Solution File, Format Version 12.00
# Visual Studio 15
VisualStudioVersion = 15.0.27703.2042
MinimumVisualStudioVersion = 10.0.40219.1
Project("{2150E333-8FDC-42A3-9474-1A3956D46DE8}") = "1.Presentation", "1.Presentation", "{6D19735E-CBFC-4CD4-9BB2-2B248D244281}"
EndProject
Project("{2150E333-8FDC-42A3-9474-1A3956D46DE8}") = "2.Application", "2.Application", "{14B848C9-9006-4709-80E7-24383F4CC8B9}"
EndProject
Project("{2150E333-8FDC-42A3-9474-1A3956D46DE8}") = "3.DomainService", "3.DomainService", "{93B50FBF-2BFE-4EEB-97D6-BE4D8999E85C}"
EndProject
Project("{2150E333-8FDC-42A3-9474-1A3956D46DE8}") = "4.Domain", "4.Domain", "{5A993187-B0F9-4122-99F8-CC777BD5045E}"
EndProject
Project("{2150E333-8FDC-42A3-9474-1A3956D46DE8}") = "5.Infraestructure", "5.Infraestructure", "{4F8C921C-9DBB-4E66-A86F-DBA88362AF19}"
EndProject
Project("{2150E333-8FDC-42A3-9474-1A3956D46DE8}") = "6.Test", "6.Test", "{367B3726-33AD-4901-84A0-77880384A96C}"
EndProject
Project("{FAE04EC0-301F-11D3-BF4B-00C04F79EFBC}") = "Test.XUnit", "Test\Test.XUnit\Test.XUnit.csproj", "{049EA14C-639A-42E8-8927-DBE60E0A7E3B}"
EndProject
Project("{FAE04EC0-301F-11D3-BF4B-00C04F79EFBC}") = "Domain", "src\Domain\Domain\Domain.csproj", "{F8D5D5A3-E8F6-4E3E-B31C-82CF549A46FC}"
EndProject
Project("{FAE04EC0-301F-11D3-BF4B-00C04F79EFBC}") = "DomainService", "src\Service\DomainService\DomainService.csproj", "{F201AD35-18BB-48AE-B528-B914D2F90794}"
EndProject
Project("{FAE04EC0-301F-11D3-BF4B-00C04F79EFBC}") = "ApplicationService", "src\Application\ApplicationService\ApplicationService.csproj", "{F6580326-B9EC-4FA1-9653-E0627876EFAA}"
EndProject
Project("{FAE04EC0-301F-11D3-BF4B-00C04F79EFBC}") = "MVC", "src\Presentation\MVC\MVC.csproj", "{A9B63F72-743F-442E-933C-499167631A5F}"
EndProject
Project("{2150E333-8FDC-42A3-9474-1A3956D46DE8}") = "SQL", "SQL", "{88077534-C01D-40AE-8F90-9203E734315D}"
EndProject
Project("{2150E333-8FDC-42A3-9474-1A3956D46DE8}") = "Mysql", "Mysql", "{148532D7-4862-4C0A-95CD-751DE56984BA}"
EndProject
Project("{FAE04EC0-301F-11D3-BF4B-00C04F79EFBC}") = "SQL.Mysql", "src\Infraestructure\SQL\Mysql\SQL.Mysql\SQL.Mysql.csproj", "{FC27CF30-6185-4A69-AA4E-678CE9AC17BE}"
EndProject
Global
	GlobalSection(SolutionConfigurationPlatforms) = preSolution
		Debug|Any CPU = Debug|Any CPU
		Release|Any CPU = Release|Any CPU
	EndGlobalSection
	GlobalSection(ProjectConfigurationPlatforms) = postSolution
		{049EA14C-639A-42E8-8927-DBE60E0A7E3B}.Debug|Any CPU.ActiveCfg = Debug|Any CPU
		{049EA14C-639A-42E8-8927-DBE60E0A7E3B}.Debug|Any CPU.Build.0 = Debug|Any CPU
		{049EA14C-639A-42E8-8927-DBE60E0A7E3B}.Release|Any CPU.ActiveCfg = Release|Any CPU
		{049EA14C-639A-42E8-8927-DBE60E0A7E3B}.Release|Any CPU.Build.0 = Release|Any CPU
		{F8D5D5A3-E8F6-4E3E-B31C-82CF549A46FC}.Debug|Any CPU.ActiveCfg = Debug|Any CPU
		{F8D5D5A3-E8F6-4E3E-B31C-82CF549A46FC}.Debug|Any CPU.Build.0 = Debug|Any CPU
		{F8D5D5A3-E8F6-4E3E-B31C-82CF549A46FC}.Release|Any CPU.ActiveCfg = Release|Any CPU
		{F8D5D5A3-E8F6-4E3E-B31C-82CF549A46FC}.Release|Any CPU.Build.0 = Release|Any CPU
		{F201AD35-18BB-48AE-B528-B914D2F90794}.Debug|Any CPU.ActiveCfg = Debug|Any CPU
		{F201AD35-18BB-48AE-B528-B914D2F90794}.Debug|Any CPU.Build.0 = Debug|Any CPU
		{F201AD35-18BB-48AE-B528-B914D2F90794}.Release|Any CPU.ActiveCfg = Release|Any CPU
		{F201AD35-18BB-48AE-B528-B914D2F90794}.Release|Any CPU.Build.0 = Release|Any CPU
		{F6580326-B9EC-4FA1-9653-E0627876EFAA}.Debug|Any CPU.ActiveCfg = Debug|Any CPU
		{F6580326-B9EC-4FA1-9653-E0627876EFAA}.Debug|Any CPU.Build.0 = Debug|Any CPU
		{F6580326-B9EC-4FA1-9653-E0627876EFAA}.Release|Any CPU.ActiveCfg = Release|Any CPU
		{F6580326-B9EC-4FA1-9653-E0627876EFAA}.Release|Any CPU.Build.0 = Release|Any CPU
		{A9B63F72-743F-442E-933C-499167631A5F}.Debug|Any CPU.ActiveCfg = Debug|Any CPU
		{A9B63F72-743F-442E-933C-499167631A5F}.Debug|Any CPU.Build.0 = Debug|Any CPU
		{A9B63F72-743F-442E-933C-499167631A5F}.Release|Any CPU.ActiveCfg = Release|Any CPU
		{A9B63F72-743F-442E-933C-499167631A5F}.Release|Any CPU.Build.0 = Release|Any CPU
		{FC27CF30-6185-4A69-AA4E-678CE9AC17BE}.Debug|Any CPU.ActiveCfg = Debug|Any CPU
		{FC27CF30-6185-4A69-AA4E-678CE9AC17BE}.Debug|Any CPU.Build.0 = Debug|Any CPU
		{FC27CF30-6185-4A69-AA4E-678CE9AC17BE}.Release|Any CPU.ActiveCfg = Release|Any CPU
		{FC27CF30-6185-4A69-AA4E-678CE9AC17BE}.Release|Any CPU.Build.0 = Release|Any CPU
	EndGlobalSection
	GlobalSection(SolutionProperties) = preSolution
		HideSolutionNode = FALSE
	EndGlobalSection
	GlobalSection(NestedProjects) = preSolution
		{049EA14C-639A-42E8-8927-DBE60E0A7E3B} = {367B3726-33AD-4901-84A0-77880384A96C}
		{F8D5D5A3-E8F6-4E3E-B31C-82CF549A46FC} = {5A993187-B0F9-4122-99F8-CC777BD5045E}
		{F201AD35-18BB-48AE-B528-B914D2F90794} = {93B50FBF-2BFE-4EEB-97D6-BE4D8999E85C}
		{F6580326-B9EC-4FA1-9653-E0627876EFAA} = {14B848C9-9006-4709-80E7-24383F4CC8B9}
		{A9B63F72-743F-442E-933C-499167631A5F} = {6D19735E-CBFC-4CD4-9BB2-2B248D244281}
		{88077534-C01D-40AE-8F90-9203E734315D} = {4F8C921C-9DBB-4E66-A86F-DBA88362AF19}
		{148532D7-4862-4C0A-95CD-751DE56984BA} = {88077534-C01D-40AE-8F90-9203E734315D}
		{FC27CF30-6185-4A69-AA4E-678CE9AC17BE} = {148532D7-4862-4C0A-95CD-751DE56984BA}
	EndGlobalSection
	GlobalSection(ExtensibilityGlobals) = postSolution
		SolutionGuid = {529B4BD2-5E44-4FAE-888F-2001A915B5B9}
	EndGlobalSection
EndGlobal
